
Microsoft Visual Studio Solution File, Format Version 12.00
# Visual Studio Version 17
VisualStudioVersion = 17.14.36109.1
MinimumVisualStudioVersion = 10.0.40219.1
Project("{FAE04EC0-301F-11D3-BF4B-00C04F79EFBC}") = "HelloWorld", "HelloWorld\HelloWorld.csproj", "{BB8BCB81-5483-4776-9B2D-6BF261384233}"
EndProject
Project("{FAE04EC0-301F-11D3-BF4B-00C04F79EFBC}") = "FirstDegree", "FirstDegree\FirstDegree.csproj", "{C7D7C4A9-079D-4391-8193-06DF91C966CC}"
EndProject
Project("{FAE04EC0-301F-11D3-BF4B-00C04F79EFBC}") = "QuadraticEquation", "QuadraticEquation\QuadraticEquation.csproj", "{C6B191ED-5274-4D82-BD18-BC9B611CF7CF}"
EndProject
Project("{FAE04EC0-301F-11D3-BF4B-00C04F79EFBC}") = "StringInteraction", "StringInteraction\StringInteraction.csproj", "{DEC145B1-F101-4A62-9320-703D25747F08}"
EndProject
Project("{FAE04EC0-301F-11D3-BF4B-00C04F79EFBC}") = "SimpleMath", "SimpleMath\SimpleMath.csproj", "{5AEA6F9F-8A49-4A92-A773-9FE74E7F2A9B}"
EndProject
Project("{FAE04EC0-301F-11D3-BF4B-00C04F79EFBC}") = "CallByReference", "CallByReference\CallByReference.csproj", "{3328E56E-18C3-406D-A50F-222B5B997664}"
EndProject
Project("{FAE04EC0-301F-11D3-BF4B-00C04F79EFBC}") = "ReviewFor", "ReviewFor\ReviewFor.csproj", "{12719E86-1A99-4855-BF82-1F72DD9A4D00}"
EndProject
Project("{FAE04EC0-301F-11D3-BF4B-00C04F79EFBC}") = "LearnForeach", "LearnForeach\LearnForeach.csproj", "{4B8477FC-BD13-4D67-AC67-E765184D176C}"
EndProject
Project("{FAE04EC0-301F-11D3-BF4B-00C04F79EFBC}") = "ReviewNestedLoop", "ReviewNestedLoop\ReviewNestedLoop.csproj", "{B7B2749F-2F9F-4CBB-BCF6-0803E00DB3C1}"
EndProject
Project("{FAE04EC0-301F-11D3-BF4B-00C04F79EFBC}") = "OOP1", "OOP1\OOP1.csproj", "{49A6D40E-3A78-4255-8EBF-94CF348DD18D}"
EndProject
Project("{FAE04EC0-301F-11D3-BF4B-00C04F79EFBC}") = "OOP2", "OOP2\OOP2.csproj", "{C20611FB-1D90-448B-852A-E3885AFF136A}"
EndProject
Project("{FAE04EC0-301F-11D3-BF4B-00C04F79EFBC}") = "OOP3_ExtensionMethod", "OOP3_ExtensionMethod\OOP3_ExtensionMethod.csproj", "{7632AF2D-BB9D-4843-BBCF-9614CF546910}"
EndProject
Project("{FAE04EC0-301F-11D3-BF4B-00C04F79EFBC}") = "OOP2_Reuse_as_Library", "OOP2_Reuse_as_Library\OOP2_Reuse_as_Library.csproj", "{2504C95D-114B-40C2-9304-BFDD1C52B830}"
EndProject
Project("{FAE04EC0-301F-11D3-BF4B-00C04F79EFBC}") = "Collection_Generic", "Collection_Generic\Collection_Generic.csproj", "{99C7B937-5266-4BE2-A19A-D5FAAF3017E1}"
EndProject
Project("{FAE04EC0-301F-11D3-BF4B-00C04F79EFBC}") = "OOP4_Dictionary", "OOP4_Dictionary\OOP4_Dictionary.csproj", "{9966FCB6-0C9C-4067-9E92-889B308463B8}"
EndProject
Project("{2150E333-8FDC-42A3-9474-1A3956D46DE8}") = "Chapter5", "Chapter5", "{02EA681E-C7D8-13C7-8484-4AC65E1B71E8}"
EndProject
Project("{FAE04EC0-301F-11D3-BF4B-00C04F79EFBC}") = "BuilderPattern", "..\..\Chapter5\Chapter5\BuilderPattern\BuilderPattern.csproj", "{40A6A708-6926-41C6-9BBC-EA8F97CC4270}"
EndProject
Project("{FAE04EC0-301F-11D3-BF4B-00C04F79EFBC}") = "FactoriesPattern", "..\..\Chapter5\Chapter5\FactoriesPattern\FactoriesPattern.csproj", "{B0953ECC-9368-8981-8D3B-F8E71C4632F1}"
EndProject
Project("{FAE04EC0-301F-11D3-BF4B-00C04F79EFBC}") = "ObserverPattern", "..\..\Chapter5\Chapter5\ObserverPattern\ObserverPattern.csproj", "{38749B6A-01C0-9286-EADD-C54823515B0F}"
EndProject
Project("{FAE04EC0-301F-11D3-BF4B-00C04F79EFBC}") = "PrototypePattern", "..\..\Chapter5\Chapter5\PrototypePattern\PrototypePattern.csproj", "{11EB2214-A982-08B7-040A-A09550FB9630}"
EndProject
Project("{FAE04EC0-301F-11D3-BF4B-00C04F79EFBC}") = "SingletonPattern", "..\..\Chapter5\Chapter5\SingletonPattern\SingletonPattern.csproj", "{BD3BD588-EA7E-A963-6FCE-ADA18D0EF113}"
EndProject
Project("{FAE04EC0-301F-11D3-BF4B-00C04F79EFBC}") = "OOP5_Clone", "OOP5_Clone\OOP5_Clone.csproj", "{6E69D41B-01B3-4CE6-B436-8EAF00A6F185}"
EndProject
Project("{2150E333-8FDC-42A3-9474-1A3956D46DE8}") = "Chapter6", "Chapter6", "{CF36BE99-ECB7-4D3F-8DB5-5745A45C7CFB}"
EndProject
Project("{FAE04EC0-301F-11D3-BF4B-00C04F79EFBC}") = "DemoDelegate1", "DemoDelegate1\DemoDelegate1.csproj", "{95457637-952D-4F19-982E-FAE4CB65D2D1}"
EndProject
Project("{FAE04EC0-301F-11D3-BF4B-00C04F79EFBC}") = "DemoLinQToObject", "DemoLinQToObject\DemoLinQToObject.csproj", "{50E19848-ADAC-44E4-9E93-9775029AA0DE}"
EndProject
Project("{FAE04EC0-301F-11D3-BF4B-00C04F79EFBC}") = "DemoLinQToObject2", "DemoLinQToObject2\DemoLinQToObject2.csproj", "{43DD5265-73ED-4E7D-941D-5C89A9BF3802}"
EndProject
Project("{FAE04EC0-301F-11D3-BF4B-00C04F79EFBC}") = "DemoMyStoreLINQ2SQL", "DemoMyStoreLINQ2SQL\DemoMyStoreLINQ2SQL.csproj", "{EE79020D-FBFD-448F-9C71-EFBA331ECD69}"
EndProject
Project("{FAE04EC0-301F-11D3-BF4B-00C04F79EFBC}") = "LucyDemoLINQ2SQL", "LucyDemoLINQ2SQL\LucyDemoLINQ2SQL.csproj", "{3F592541-4B50-4C04-B54C-913E4894F302}"
EndProject
Project("{2150E333-8FDC-42A3-9474-1A3956D46DE8}") = "Chapter7", "Chapter7", "{B0090781-52FF-443C-B578-82BEA1AA3AFA}"
EndProject
Project("{FAE04EC0-301F-11D3-BF4B-00C04F79EFBC}") = "HelloWpfApp", "HelloWpfApp\HelloWpfApp.csproj", "{2EC63ED3-665C-4556-B124-CCC786A1FB34}"
EndProject
Project("{FAE04EC0-301F-11D3-BF4B-00C04F79EFBC}") = "WpfApp", "UserManagementWpfApp\WpfApp.csproj", "{C7E638B8-86B5-4050-AF95-B0612257BF3C}"
EndProject
Project("{FAE04EC0-301F-11D3-BF4B-00C04F79EFBC}") = "BusinessObject", "BusinessObject\BusinessObject.csproj", "{8C462393-978E-41AB-8A8C-264E85983257}"
EndProject
Project("{FAE04EC0-301F-11D3-BF4B-00C04F79EFBC}") = "DataAcessLayer", "DataAcessLayer\DataAcessLayer.csproj", "{79D1FCE7-7C84-4A4A-BB9D-34194D0D884E}"
EndProject
Project("{FAE04EC0-301F-11D3-BF4B-00C04F79EFBC}") = "Repositories", "Repositories\Repositories.csproj", "{1F019214-7DC5-4FE9-941C-DA1C1580139B}"
EndProject
Project("{2150E333-8FDC-42A3-9474-1A3956D46DE8}") = "Chapter7-1", "Chapter7-1", "{6DF0AB68-6E97-4E13-BDA1-79BD64C14B86}"
EndProject
Project("{FAE04EC0-301F-11D3-BF4B-00C04F79EFBC}") = "Services", "Services\Services.csproj", "{86BC2EFA-EF80-4EEF-AED3-5A1F75410913}"
EndProject
Project("{2150E333-8FDC-42A3-9474-1A3956D46DE8}") = "Chapter7-TreeView", "Chapter7-TreeView", "{75D0165C-CDA7-4090-83E9-62634625F9ED}"
EndProject
Project("{FAE04EC0-301F-11D3-BF4B-00C04F79EFBC}") = "TreeViewWpfApp", "TreeViewWpfApp\TreeViewWpfApp.csproj", "{3CDF4AA4-7C60-40A5-9F35-56CAA2D6A44B}"
EndProject
Project("{2150E333-8FDC-42A3-9474-1A3956D46DE8}") = "Chapter7-TreeView_3Layer", "Chapter7-TreeView_3Layer", "{586D998A-3E50-4836-9CA1-EA7A7C719CD0}"
EndProject
Project("{2150E333-8FDC-42A3-9474-1A3956D46DE8}") = "Chapter8", "Chapter8", "{906332D9-D897-42DA-A080-0B66A64E967A}"
EndProject
Project("{FAE04EC0-301F-11D3-BF4B-00C04F79EFBC}") = "MyStoreWpfApp_EntityFramework", "MyStoreWpfApp_EntityFramework\MyStoreWpfApp_EntityFramework.csproj", "{84D26E3A-2375-446F-BF0E-D08794DC45E2}"
EndProject
Global
	GlobalSection(SolutionConfigurationPlatforms) = preSolution
		Debug|Any CPU = Debug|Any CPU
		Release|Any CPU = Release|Any CPU
	EndGlobalSection
	GlobalSection(ProjectConfigurationPlatforms) = postSolution
		{BB8BCB81-5483-4776-9B2D-6BF261384233}.Debug|Any CPU.ActiveCfg = Debug|Any CPU
		{BB8BCB81-5483-4776-9B2D-6BF261384233}.Debug|Any CPU.Build.0 = Debug|Any CPU
		{BB8BCB81-5483-4776-9B2D-6BF261384233}.Release|Any CPU.ActiveCfg = Release|Any CPU
		{BB8BCB81-5483-4776-9B2D-6BF261384233}.Release|Any CPU.Build.0 = Release|Any CPU
		{C7D7C4A9-079D-4391-8193-06DF91C966CC}.Debug|Any CPU.ActiveCfg = Debug|Any CPU
		{C7D7C4A9-079D-4391-8193-06DF91C966CC}.Debug|Any CPU.Build.0 = Debug|Any CPU
		{C7D7C4A9-079D-4391-8193-06DF91C966CC}.Release|Any CPU.ActiveCfg = Release|Any CPU
		{C7D7C4A9-079D-4391-8193-06DF91C966CC}.Release|Any CPU.Build.0 = Release|Any CPU
		{C6B191ED-5274-4D82-BD18-BC9B611CF7CF}.Debug|Any CPU.ActiveCfg = Debug|Any CPU
		{C6B191ED-5274-4D82-BD18-BC9B611CF7CF}.Debug|Any CPU.Build.0 = Debug|Any CPU
		{C6B191ED-5274-4D82-BD18-BC9B611CF7CF}.Release|Any CPU.ActiveCfg = Release|Any CPU
		{C6B191ED-5274-4D82-BD18-BC9B611CF7CF}.Release|Any CPU.Build.0 = Release|Any CPU
		{DEC145B1-F101-4A62-9320-703D25747F08}.Debug|Any CPU.ActiveCfg = Debug|Any CPU
		{DEC145B1-F101-4A62-9320-703D25747F08}.Debug|Any CPU.Build.0 = Debug|Any CPU
		{DEC145B1-F101-4A62-9320-703D25747F08}.Release|Any CPU.ActiveCfg = Release|Any CPU
		{DEC145B1-F101-4A62-9320-703D25747F08}.Release|Any CPU.Build.0 = Release|Any CPU
		{5AEA6F9F-8A49-4A92-A773-9FE74E7F2A9B}.Debug|Any CPU.ActiveCfg = Debug|Any CPU
		{5AEA6F9F-8A49-4A92-A773-9FE74E7F2A9B}.Debug|Any CPU.Build.0 = Debug|Any CPU
		{5AEA6F9F-8A49-4A92-A773-9FE74E7F2A9B}.Release|Any CPU.ActiveCfg = Release|Any CPU
		{5AEA6F9F-8A49-4A92-A773-9FE74E7F2A9B}.Release|Any CPU.Build.0 = Release|Any CPU
		{3328E56E-18C3-406D-A50F-222B5B997664}.Debug|Any CPU.ActiveCfg = Debug|Any CPU
		{3328E56E-18C3-406D-A50F-222B5B997664}.Debug|Any CPU.Build.0 = Debug|Any CPU
		{3328E56E-18C3-406D-A50F-222B5B997664}.Release|Any CPU.ActiveCfg = Release|Any CPU
		{3328E56E-18C3-406D-A50F-222B5B997664}.Release|Any CPU.Build.0 = Release|Any CPU
		{12719E86-1A99-4855-BF82-1F72DD9A4D00}.Debug|Any CPU.ActiveCfg = Debug|Any CPU
		{12719E86-1A99-4855-BF82-1F72DD9A4D00}.Debug|Any CPU.Build.0 = Debug|Any CPU
		{12719E86-1A99-4855-BF82-1F72DD9A4D00}.Release|Any CPU.ActiveCfg = Release|Any CPU
		{12719E86-1A99-4855-BF82-1F72DD9A4D00}.Release|Any CPU.Build.0 = Release|Any CPU
		{4B8477FC-BD13-4D67-AC67-E765184D176C}.Debug|Any CPU.ActiveCfg = Debug|Any CPU
		{4B8477FC-BD13-4D67-AC67-E765184D176C}.Debug|Any CPU.Build.0 = Debug|Any CPU
		{4B8477FC-BD13-4D67-AC67-E765184D176C}.Release|Any CPU.ActiveCfg = Release|Any CPU
		{4B8477FC-BD13-4D67-AC67-E765184D176C}.Release|Any CPU.Build.0 = Release|Any CPU
		{B7B2749F-2F9F-4CBB-BCF6-0803E00DB3C1}.Debug|Any CPU.ActiveCfg = Debug|Any CPU
		{B7B2749F-2F9F-4CBB-BCF6-0803E00DB3C1}.Debug|Any CPU.Build.0 = Debug|Any CPU
		{B7B2749F-2F9F-4CBB-BCF6-0803E00DB3C1}.Release|Any CPU.ActiveCfg = Release|Any CPU
		{B7B2749F-2F9F-4CBB-BCF6-0803E00DB3C1}.Release|Any CPU.Build.0 = Release|Any CPU
		{49A6D40E-3A78-4255-8EBF-94CF348DD18D}.Debug|Any CPU.ActiveCfg = Debug|Any CPU
		{49A6D40E-3A78-4255-8EBF-94CF348DD18D}.Debug|Any CPU.Build.0 = Debug|Any CPU
		{49A6D40E-3A78-4255-8EBF-94CF348DD18D}.Release|Any CPU.ActiveCfg = Release|Any CPU
		{49A6D40E-3A78-4255-8EBF-94CF348DD18D}.Release|Any CPU.Build.0 = Release|Any CPU
		{C20611FB-1D90-448B-852A-E3885AFF136A}.Debug|Any CPU.ActiveCfg = Debug|Any CPU
		{C20611FB-1D90-448B-852A-E3885AFF136A}.Debug|Any CPU.Build.0 = Debug|Any CPU
		{C20611FB-1D90-448B-852A-E3885AFF136A}.Release|Any CPU.ActiveCfg = Release|Any CPU
		{C20611FB-1D90-448B-852A-E3885AFF136A}.Release|Any CPU.Build.0 = Release|Any CPU
		{7632AF2D-BB9D-4843-BBCF-9614CF546910}.Debug|Any CPU.ActiveCfg = Debug|Any CPU
		{7632AF2D-BB9D-4843-BBCF-9614CF546910}.Debug|Any CPU.Build.0 = Debug|Any CPU
		{7632AF2D-BB9D-4843-BBCF-9614CF546910}.Release|Any CPU.ActiveCfg = Release|Any CPU
		{7632AF2D-BB9D-4843-BBCF-9614CF546910}.Release|Any CPU.Build.0 = Release|Any CPU
		{2504C95D-114B-40C2-9304-BFDD1C52B830}.Debug|Any CPU.ActiveCfg = Debug|Any CPU
		{2504C95D-114B-40C2-9304-BFDD1C52B830}.Debug|Any CPU.Build.0 = Debug|Any CPU
		{2504C95D-114B-40C2-9304-BFDD1C52B830}.Release|Any CPU.ActiveCfg = Release|Any CPU
		{2504C95D-114B-40C2-9304-BFDD1C52B830}.Release|Any CPU.Build.0 = Release|Any CPU
		{99C7B937-5266-4BE2-A19A-D5FAAF3017E1}.Debug|Any CPU.ActiveCfg = Debug|Any CPU
		{99C7B937-5266-4BE2-A19A-D5FAAF3017E1}.Debug|Any CPU.Build.0 = Debug|Any CPU
		{99C7B937-5266-4BE2-A19A-D5FAAF3017E1}.Release|Any CPU.ActiveCfg = Release|Any CPU
		{99C7B937-5266-4BE2-A19A-D5FAAF3017E1}.Release|Any CPU.Build.0 = Release|Any CPU
		{9966FCB6-0C9C-4067-9E92-889B308463B8}.Debug|Any CPU.ActiveCfg = Debug|Any CPU
		{9966FCB6-0C9C-4067-9E92-889B308463B8}.Debug|Any CPU.Build.0 = Debug|Any CPU
		{9966FCB6-0C9C-4067-9E92-889B308463B8}.Release|Any CPU.ActiveCfg = Release|Any CPU
		{9966FCB6-0C9C-4067-9E92-889B308463B8}.Release|Any CPU.Build.0 = Release|Any CPU
		{40A6A708-6926-41C6-9BBC-EA8F97CC4270}.Debug|Any CPU.ActiveCfg = Debug|Any CPU
		{40A6A708-6926-41C6-9BBC-EA8F97CC4270}.Debug|Any CPU.Build.0 = Debug|Any CPU
		{40A6A708-6926-41C6-9BBC-EA8F97CC4270}.Release|Any CPU.ActiveCfg = Release|Any CPU
		{40A6A708-6926-41C6-9BBC-EA8F97CC4270}.Release|Any CPU.Build.0 = Release|Any CPU
		{B0953ECC-9368-8981-8D3B-F8E71C4632F1}.Debug|Any CPU.ActiveCfg = Debug|Any CPU
		{B0953ECC-9368-8981-8D3B-F8E71C4632F1}.Debug|Any CPU.Build.0 = Debug|Any CPU
		{B0953ECC-9368-8981-8D3B-F8E71C4632F1}.Release|Any CPU.ActiveCfg = Release|Any CPU
		{B0953ECC-9368-8981-8D3B-F8E71C4632F1}.Release|Any CPU.Build.0 = Release|Any CPU
		{38749B6A-01C0-9286-EADD-C54823515B0F}.Debug|Any CPU.ActiveCfg = Debug|Any CPU
		{38749B6A-01C0-9286-EADD-C54823515B0F}.Debug|Any CPU.Build.0 = Debug|Any CPU
		{38749B6A-01C0-9286-EADD-C54823515B0F}.Release|Any CPU.ActiveCfg = Release|Any CPU
		{38749B6A-01C0-9286-EADD-C54823515B0F}.Release|Any CPU.Build.0 = Release|Any CPU
		{11EB2214-A982-08B7-040A-A09550FB9630}.Debug|Any CPU.ActiveCfg = Debug|Any CPU
		{11EB2214-A982-08B7-040A-A09550FB9630}.Debug|Any CPU.Build.0 = Debug|Any CPU
		{11EB2214-A982-08B7-040A-A09550FB9630}.Release|Any CPU.ActiveCfg = Release|Any CPU
		{11EB2214-A982-08B7-040A-A09550FB9630}.Release|Any CPU.Build.0 = Release|Any CPU
		{BD3BD588-EA7E-A963-6FCE-ADA18D0EF113}.Debug|Any CPU.ActiveCfg = Debug|Any CPU
		{BD3BD588-EA7E-A963-6FCE-ADA18D0EF113}.Debug|Any CPU.Build.0 = Debug|Any CPU
		{BD3BD588-EA7E-A963-6FCE-ADA18D0EF113}.Release|Any CPU.ActiveCfg = Release|Any CPU
		{BD3BD588-EA7E-A963-6FCE-ADA18D0EF113}.Release|Any CPU.Build.0 = Release|Any CPU
		{6E69D41B-01B3-4CE6-B436-8EAF00A6F185}.Debug|Any CPU.ActiveCfg = Debug|Any CPU
		{6E69D41B-01B3-4CE6-B436-8EAF00A6F185}.Debug|Any CPU.Build.0 = Debug|Any CPU
		{6E69D41B-01B3-4CE6-B436-8EAF00A6F185}.Release|Any CPU.ActiveCfg = Release|Any CPU
		{6E69D41B-01B3-4CE6-B436-8EAF00A6F185}.Release|Any CPU.Build.0 = Release|Any CPU
		{95457637-952D-4F19-982E-FAE4CB65D2D1}.Debug|Any CPU.ActiveCfg = Debug|Any CPU
		{95457637-952D-4F19-982E-FAE4CB65D2D1}.Debug|Any CPU.Build.0 = Debug|Any CPU
		{95457637-952D-4F19-982E-FAE4CB65D2D1}.Release|Any CPU.ActiveCfg = Release|Any CPU
		{95457637-952D-4F19-982E-FAE4CB65D2D1}.Release|Any CPU.Build.0 = Release|Any CPU
		{50E19848-ADAC-44E4-9E93-9775029AA0DE}.Debug|Any CPU.ActiveCfg = Debug|Any CPU
		{50E19848-ADAC-44E4-9E93-9775029AA0DE}.Debug|Any CPU.Build.0 = Debug|Any CPU
		{50E19848-ADAC-44E4-9E93-9775029AA0DE}.Release|Any CPU.ActiveCfg = Release|Any CPU
		{50E19848-ADAC-44E4-9E93-9775029AA0DE}.Release|Any CPU.Build.0 = Release|Any CPU
		{43DD5265-73ED-4E7D-941D-5C89A9BF3802}.Debug|Any CPU.ActiveCfg = Debug|Any CPU
		{43DD5265-73ED-4E7D-941D-5C89A9BF3802}.Debug|Any CPU.Build.0 = Debug|Any CPU
		{43DD5265-73ED-4E7D-941D-5C89A9BF3802}.Release|Any CPU.ActiveCfg = Release|Any CPU
		{43DD5265-73ED-4E7D-941D-5C89A9BF3802}.Release|Any CPU.Build.0 = Release|Any CPU
		{EE79020D-FBFD-448F-9C71-EFBA331ECD69}.Debug|Any CPU.ActiveCfg = Debug|Any CPU
		{EE79020D-FBFD-448F-9C71-EFBA331ECD69}.Debug|Any CPU.Build.0 = Debug|Any CPU
		{EE79020D-FBFD-448F-9C71-EFBA331ECD69}.Release|Any CPU.ActiveCfg = Release|Any CPU
		{EE79020D-FBFD-448F-9C71-EFBA331ECD69}.Release|Any CPU.Build.0 = Release|Any CPU
		{3F592541-4B50-4C04-B54C-913E4894F302}.Debug|Any CPU.ActiveCfg = Debug|Any CPU
		{3F592541-4B50-4C04-B54C-913E4894F302}.Debug|Any CPU.Build.0 = Debug|Any CPU
		{3F592541-4B50-4C04-B54C-913E4894F302}.Release|Any CPU.ActiveCfg = Release|Any CPU
		{3F592541-4B50-4C04-B54C-913E4894F302}.Release|Any CPU.Build.0 = Release|Any CPU
		{2EC63ED3-665C-4556-B124-CCC786A1FB34}.Debug|Any CPU.ActiveCfg = Debug|Any CPU
		{2EC63ED3-665C-4556-B124-CCC786A1FB34}.Debug|Any CPU.Build.0 = Debug|Any CPU
		{2EC63ED3-665C-4556-B124-CCC786A1FB34}.Release|Any CPU.ActiveCfg = Release|Any CPU
		{2EC63ED3-665C-4556-B124-CCC786A1FB34}.Release|Any CPU.Build.0 = Release|Any CPU
		{C7E638B8-86B5-4050-AF95-B0612257BF3C}.Debug|Any CPU.ActiveCfg = Debug|Any CPU
		{C7E638B8-86B5-4050-AF95-B0612257BF3C}.Debug|Any CPU.Build.0 = Debug|Any CPU
		{C7E638B8-86B5-4050-AF95-B0612257BF3C}.Release|Any CPU.ActiveCfg = Release|Any CPU
		{C7E638B8-86B5-4050-AF95-B0612257BF3C}.Release|Any CPU.Build.0 = Release|Any CPU
		{8C462393-978E-41AB-8A8C-264E85983257}.Debug|Any CPU.ActiveCfg = Debug|Any CPU
		{8C462393-978E-41AB-8A8C-264E85983257}.Debug|Any CPU.Build.0 = Debug|Any CPU
		{8C462393-978E-41AB-8A8C-264E85983257}.Release|Any CPU.ActiveCfg = Release|Any CPU
		{8C462393-978E-41AB-8A8C-264E85983257}.Release|Any CPU.Build.0 = Release|Any CPU
		{79D1FCE7-7C84-4A4A-BB9D-34194D0D884E}.Debug|Any CPU.ActiveCfg = Debug|Any CPU
		{79D1FCE7-7C84-4A4A-BB9D-34194D0D884E}.Debug|Any CPU.Build.0 = Debug|Any CPU
		{79D1FCE7-7C84-4A4A-BB9D-34194D0D884E}.Release|Any CPU.ActiveCfg = Release|Any CPU
		{79D1FCE7-7C84-4A4A-BB9D-34194D0D884E}.Release|Any CPU.Build.0 = Release|Any CPU
		{1F019214-7DC5-4FE9-941C-DA1C1580139B}.Debug|Any CPU.ActiveCfg = Debug|Any CPU
		{1F019214-7DC5-4FE9-941C-DA1C1580139B}.Debug|Any CPU.Build.0 = Debug|Any CPU
		{1F019214-7DC5-4FE9-941C-DA1C1580139B}.Release|Any CPU.ActiveCfg = Release|Any CPU
		{1F019214-7DC5-4FE9-941C-DA1C1580139B}.Release|Any CPU.Build.0 = Release|Any CPU
		{86BC2EFA-EF80-4EEF-AED3-5A1F75410913}.Debug|Any CPU.ActiveCfg = Debug|Any CPU
		{86BC2EFA-EF80-4EEF-AED3-5A1F75410913}.Debug|Any CPU.Build.0 = Debug|Any CPU
		{86BC2EFA-EF80-4EEF-AED3-5A1F75410913}.Release|Any CPU.ActiveCfg = Release|Any CPU
		{86BC2EFA-EF80-4EEF-AED3-5A1F75410913}.Release|Any CPU.Build.0 = Release|Any CPU
		{3CDF4AA4-7C60-40A5-9F35-56CAA2D6A44B}.Debug|Any CPU.ActiveCfg = Debug|Any CPU
		{3CDF4AA4-7C60-40A5-9F35-56CAA2D6A44B}.Debug|Any CPU.Build.0 = Debug|Any CPU
		{3CDF4AA4-7C60-40A5-9F35-56CAA2D6A44B}.Release|Any CPU.ActiveCfg = Release|Any CPU
		{3CDF4AA4-7C60-40A5-9F35-56CAA2D6A44B}.Release|Any CPU.Build.0 = Release|Any CPU
		{84D26E3A-2375-446F-BF0E-D08794DC45E2}.Debug|Any CPU.ActiveCfg = Debug|Any CPU
		{84D26E3A-2375-446F-BF0E-D08794DC45E2}.Debug|Any CPU.Build.0 = Debug|Any CPU
		{84D26E3A-2375-446F-BF0E-D08794DC45E2}.Release|Any CPU.ActiveCfg = Release|Any CPU
		{84D26E3A-2375-446F-BF0E-D08794DC45E2}.Release|Any CPU.Build.0 = Release|Any CPU
	EndGlobalSection
	GlobalSection(SolutionProperties) = preSolution
		HideSolutionNode = FALSE
	EndGlobalSection
	GlobalSection(NestedProjects) = preSolution
		{40A6A708-6926-41C6-9BBC-EA8F97CC4270} = {02EA681E-C7D8-13C7-8484-4AC65E1B71E8}
		{B0953ECC-9368-8981-8D3B-F8E71C4632F1} = {02EA681E-C7D8-13C7-8484-4AC65E1B71E8}
		{38749B6A-01C0-9286-EADD-C54823515B0F} = {02EA681E-C7D8-13C7-8484-4AC65E1B71E8}
		{11EB2214-A982-08B7-040A-A09550FB9630} = {02EA681E-C7D8-13C7-8484-4AC65E1B71E8}
		{BD3BD588-EA7E-A963-6FCE-ADA18D0EF113} = {02EA681E-C7D8-13C7-8484-4AC65E1B71E8}
		{95457637-952D-4F19-982E-FAE4CB65D2D1} = {CF36BE99-ECB7-4D3F-8DB5-5745A45C7CFB}
		{50E19848-ADAC-44E4-9E93-9775029AA0DE} = {CF36BE99-ECB7-4D3F-8DB5-5745A45C7CFB}
		{43DD5265-73ED-4E7D-941D-5C89A9BF3802} = {CF36BE99-ECB7-4D3F-8DB5-5745A45C7CFB}
		{EE79020D-FBFD-448F-9C71-EFBA331ECD69} = {CF36BE99-ECB7-4D3F-8DB5-5745A45C7CFB}
		{3F592541-4B50-4C04-B54C-913E4894F302} = {CF36BE99-ECB7-4D3F-8DB5-5745A45C7CFB}
		{2EC63ED3-665C-4556-B124-CCC786A1FB34} = {6DF0AB68-6E97-4E13-BDA1-79BD64C14B86}
		{C7E638B8-86B5-4050-AF95-B0612257BF3C} = {B0090781-52FF-443C-B578-82BEA1AA3AFA}
		{8C462393-978E-41AB-8A8C-264E85983257} = {B0090781-52FF-443C-B578-82BEA1AA3AFA}
		{79D1FCE7-7C84-4A4A-BB9D-34194D0D884E} = {B0090781-52FF-443C-B578-82BEA1AA3AFA}
		{1F019214-7DC5-4FE9-941C-DA1C1580139B} = {B0090781-52FF-443C-B578-82BEA1AA3AFA}
		{86BC2EFA-EF80-4EEF-AED3-5A1F75410913} = {B0090781-52FF-443C-B578-82BEA1AA3AFA}
		{3CDF4AA4-7C60-40A5-9F35-56CAA2D6A44B} = {75D0165C-CDA7-4090-83E9-62634625F9ED}
		{84D26E3A-2375-446F-BF0E-D08794DC45E2} = {906332D9-D897-42DA-A080-0B66A64E967A}
	EndGlobalSection
	GlobalSection(ExtensibilityGlobals) = postSolution
		SolutionGuid = {7FAC9F96-165A-41F0-BDE0-27EA4727FC20}
	EndGlobalSection
EndGlobal
